// !$*UTF8*$!
{
	archiveVersion = 1;
	classes = {
	};
	objectVersion = 46;
	objects = {

/* Begin PBXBuildFile section */
		BE74CAED1CFC2B63006F56F1 /* AppDelegate.swift in Sources */ = {isa = PBXBuildFile; fileRef = BE74CAEC1CFC2B63006F56F1 /* AppDelegate.swift */; };
		BE74CAEF1CFC2B63006F56F1 /* ViewController.swift in Sources */ = {isa = PBXBuildFile; fileRef = BE74CAEE1CFC2B63006F56F1 /* ViewController.swift */; };
		BE74CAF21CFC2B63006F56F1 /* Main.storyboard in Resources */ = {isa = PBXBuildFile; fileRef = BE74CAF01CFC2B63006F56F1 /* Main.storyboard */; };
		BE74CAF41CFC2B63006F56F1 /* Assets.xcassets in Resources */ = {isa = PBXBuildFile; fileRef = BE74CAF31CFC2B63006F56F1 /* Assets.xcassets */; };
		BE74CAF71CFC2B63006F56F1 /* LaunchScreen.storyboard in Resources */ = {isa = PBXBuildFile; fileRef = BE74CAF51CFC2B63006F56F1 /* LaunchScreen.storyboard */; };
		BE74CAFF1CFC2BC2006F56F1 /* SENTTransportDetectionSDK.framework in Frameworks */ = {isa = PBXBuildFile; fileRef = BE74CAFE1CFC2BC2006F56F1 /* SENTTransportDetectionSDK.framework */; };
		BE74CB011CFC2BDF006F56F1 /* CoreLocation.framework in Frameworks */ = {isa = PBXBuildFile; fileRef = BE74CB001CFC2BDF006F56F1 /* CoreLocation.framework */; };
		BE74CB031CFC2BE6006F56F1 /* CoreMotion.framework in Frameworks */ = {isa = PBXBuildFile; fileRef = BE74CB021CFC2BE6006F56F1 /* CoreMotion.framework */; };
		BE74CB051CFC2C02006F56F1 /* SystemConfiguration.framework in Frameworks */ = {isa = PBXBuildFile; fileRef = BE74CB041CFC2C02006F56F1 /* SystemConfiguration.framework */; };
		BE74CB071CFC2C0A006F56F1 /* libz.tbd in Frameworks */ = {isa = PBXBuildFile; fileRef = BE74CB061CFC2C0A006F56F1 /* libz.tbd */; };
/* End PBXBuildFile section */

/* Begin PBXFileReference section */
		BE74CAE91CFC2B63006F56F1 /* SDKStarterSwift.app */ = {isa = PBXFileReference; explicitFileType = wrapper.application; includeInIndex = 0; path = SDKStarterSwift.app; sourceTree = BUILT_PRODUCTS_DIR; };
		BE74CAEC1CFC2B63006F56F1 /* AppDelegate.swift */ = {isa = PBXFileReference; lastKnownFileType = sourcecode.swift; path = AppDelegate.swift; sourceTree = "<group>"; };
		BE74CAEE1CFC2B63006F56F1 /* ViewController.swift */ = {isa = PBXFileReference; lastKnownFileType = sourcecode.swift; path = ViewController.swift; sourceTree = "<group>"; };
		BE74CAF11CFC2B63006F56F1 /* Base */ = {isa = PBXFileReference; lastKnownFileType = file.storyboard; name = Base; path = Base.lproj/Main.storyboard; sourceTree = "<group>"; };
		BE74CAF31CFC2B63006F56F1 /* Assets.xcassets */ = {isa = PBXFileReference; lastKnownFileType = folder.assetcatalog; path = Assets.xcassets; sourceTree = "<group>"; };
		BE74CAF61CFC2B63006F56F1 /* Base */ = {isa = PBXFileReference; lastKnownFileType = file.storyboard; name = Base; path = Base.lproj/LaunchScreen.storyboard; sourceTree = "<group>"; };
		BE74CAF81CFC2B63006F56F1 /* Info.plist */ = {isa = PBXFileReference; lastKnownFileType = text.plist.xml; path = Info.plist; sourceTree = "<group>"; };
		BE74CAFE1CFC2BC2006F56F1 /* SENTTransportDetectionSDK.framework */ = {isa = PBXFileReference; lastKnownFileType = wrapper.framework; path = SENTTransportDetectionSDK.framework; sourceTree = "<group>"; };
		BE74CB001CFC2BDF006F56F1 /* CoreLocation.framework */ = {isa = PBXFileReference; lastKnownFileType = wrapper.framework; name = CoreLocation.framework; path = System/Library/Frameworks/CoreLocation.framework; sourceTree = SDKROOT; };
		BE74CB021CFC2BE6006F56F1 /* CoreMotion.framework */ = {isa = PBXFileReference; lastKnownFileType = wrapper.framework; name = CoreMotion.framework; path = System/Library/Frameworks/CoreMotion.framework; sourceTree = SDKROOT; };
		BE74CB041CFC2C02006F56F1 /* SystemConfiguration.framework */ = {isa = PBXFileReference; lastKnownFileType = wrapper.framework; name = SystemConfiguration.framework; path = System/Library/Frameworks/SystemConfiguration.framework; sourceTree = SDKROOT; };
		BE74CB061CFC2C0A006F56F1 /* libz.tbd */ = {isa = PBXFileReference; lastKnownFileType = "sourcecode.text-based-dylib-definition"; name = libz.tbd; path = usr/lib/libz.tbd; sourceTree = SDKROOT; };
		BE74CB081CFC2D01006F56F1 /* ObjCHeader.h */ = {isa = PBXFileReference; lastKnownFileType = sourcecode.c.h; path = ObjCHeader.h; sourceTree = "<group>"; };
/* End PBXFileReference section */

/* Begin PBXFrameworksBuildPhase section */
		BE74CAE61CFC2B63006F56F1 /* Frameworks */ = {
			isa = PBXFrameworksBuildPhase;
			buildActionMask = 2147483647;
			files = (
				BE74CB071CFC2C0A006F56F1 /* libz.tbd in Frameworks */,
				BE74CB051CFC2C02006F56F1 /* SystemConfiguration.framework in Frameworks */,
				BE74CB031CFC2BE6006F56F1 /* CoreMotion.framework in Frameworks */,
				BE74CB011CFC2BDF006F56F1 /* CoreLocation.framework in Frameworks */,
				BE74CAFF1CFC2BC2006F56F1 /* SENTTransportDetectionSDK.framework in Frameworks */,
			);
			runOnlyForDeploymentPostprocessing = 0;
		};
/* End PBXFrameworksBuildPhase section */

/* Begin PBXGroup section */
		BE74CAE01CFC2B63006F56F1 = {
			isa = PBXGroup;
			children = (
				BE74CB061CFC2C0A006F56F1 /* libz.tbd */,
				BE74CB041CFC2C02006F56F1 /* SystemConfiguration.framework */,
				BE74CB021CFC2BE6006F56F1 /* CoreMotion.framework */,
				BE74CB001CFC2BDF006F56F1 /* CoreLocation.framework */,
				BE74CAFE1CFC2BC2006F56F1 /* SENTTransportDetectionSDK.framework */,
				BE74CAEB1CFC2B63006F56F1 /* SDKStarterSwift */,
				BE74CAEA1CFC2B63006F56F1 /* Products */,
			);
			sourceTree = "<group>";
		};
		BE74CAEA1CFC2B63006F56F1 /* Products */ = {
			isa = PBXGroup;
			children = (
				BE74CAE91CFC2B63006F56F1 /* SDKStarterSwift.app */,
			);
			name = Products;
			sourceTree = "<group>";
		};
		BE74CAEB1CFC2B63006F56F1 /* SDKStarterSwift */ = {
			isa = PBXGroup;
			children = (
				BE74CB081CFC2D01006F56F1 /* ObjCHeader.h */,
				BE74CAEC1CFC2B63006F56F1 /* AppDelegate.swift */,
				BE74CAEE1CFC2B63006F56F1 /* ViewController.swift */,
				BE74CAF01CFC2B63006F56F1 /* Main.storyboard */,
				BE74CAF31CFC2B63006F56F1 /* Assets.xcassets */,
				BE74CAF51CFC2B63006F56F1 /* LaunchScreen.storyboard */,
				BE74CAF81CFC2B63006F56F1 /* Info.plist */,
			);
			path = SDKStarterSwift;
			sourceTree = "<group>";
		};
/* End PBXGroup section */

/* Begin PBXNativeTarget section */
		BE74CAE81CFC2B63006F56F1 /* SDKStarterSwift */ = {
			isa = PBXNativeTarget;
			buildConfigurationList = BE74CAFB1CFC2B63006F56F1 /* Build configuration list for PBXNativeTarget "SDKStarterSwift" */;
			buildPhases = (
				BE74CAE51CFC2B63006F56F1 /* Sources */,
				BE74CAE61CFC2B63006F56F1 /* Frameworks */,
				BE74CAE71CFC2B63006F56F1 /* Resources */,
			);
			buildRules = (
			);
			dependencies = (
			);
			name = SDKStarterSwift;
			productName = SDKStarterSwift;
			productReference = BE74CAE91CFC2B63006F56F1 /* SDKStarterSwift.app */;
			productType = "com.apple.product-type.application";
		};
/* End PBXNativeTarget section */

/* Begin PBXProject section */
		BE74CAE11CFC2B63006F56F1 /* Project object */ = {
			isa = PBXProject;
			attributes = {
				LastSwiftUpdateCheck = 0730;
				LastUpgradeCheck = 0730;
				ORGANIZATIONNAME = "Sentiance Corporation";
				TargetAttributes = {
					BE74CAE81CFC2B63006F56F1 = {
						CreatedOnToolsVersion = 7.3.1;
						LastSwiftMigration = 0810;
						SystemCapabilities = {
							com.apple.BackgroundModes = {
								enabled = 1;
							};
						};
					};
				};
			};
			buildConfigurationList = BE74CAE41CFC2B63006F56F1 /* Build configuration list for PBXProject "SDKStarterSwift" */;
			compatibilityVersion = "Xcode 3.2";
			developmentRegion = English;
			hasScannedForEncodings = 0;
			knownRegions = (
				en,
				Base,
			);
			mainGroup = BE74CAE01CFC2B63006F56F1;
			productRefGroup = BE74CAEA1CFC2B63006F56F1 /* Products */;
			projectDirPath = "";
			projectRoot = "";
			targets = (
				BE74CAE81CFC2B63006F56F1 /* SDKStarterSwift */,
			);
		};
/* End PBXProject section */

/* Begin PBXResourcesBuildPhase section */
		BE74CAE71CFC2B63006F56F1 /* Resources */ = {
			isa = PBXResourcesBuildPhase;
			buildActionMask = 2147483647;
			files = (
				BE74CAF71CFC2B63006F56F1 /* LaunchScreen.storyboard in Resources */,
				BE74CAF41CFC2B63006F56F1 /* Assets.xcassets in Resources */,
				BE74CAF21CFC2B63006F56F1 /* Main.storyboard in Resources */,
			);
			runOnlyForDeploymentPostprocessing = 0;
		};
/* End PBXResourcesBuildPhase section */

/* Begin PBXSourcesBuildPhase section */
		BE74CAE51CFC2B63006F56F1 /* Sources */ = {
			isa = PBXSourcesBuildPhase;
			buildActionMask = 2147483647;
			files = (
				BE74CAEF1CFC2B63006F56F1 /* ViewController.swift in Sources */,
				BE74CAED1CFC2B63006F56F1 /* AppDelegate.swift in Sources */,
			);
			runOnlyForDeploymentPostprocessing = 0;
		};
/* End PBXSourcesBuildPhase section */

/* Begin PBXVariantGroup section */
		BE74CAF01CFC2B63006F56F1 /* Main.storyboard */ = {
			isa = PBXVariantGroup;
			children = (
				BE74CAF11CFC2B63006F56F1 /* Base */,
			);
			name = Main.storyboard;
			sourceTree = "<group>";
		};
		BE74CAF51CFC2B63006F56F1 /* LaunchScreen.storyboard */ = {
			isa = PBXVariantGroup;
			children = (
				BE74CAF61CFC2B63006F56F1 /* Base */,
			);
			name = LaunchScreen.storyboard;
			sourceTree = "<group>";
		};
/* End PBXVariantGroup section */

/* Begin XCBuildConfiguration section */
		BE74CAF91CFC2B63006F56F1 /* Debug */ = {
			isa = XCBuildConfiguration;
			buildSettings = {
				ALWAYS_SEARCH_USER_PATHS = NO;
				CLANG_ANALYZER_NONNULL = YES;
				CLANG_CXX_LANGUAGE_STANDARD = "gnu++0x";
				CLANG_CXX_LIBRARY = "libc++";
				CLANG_ENABLE_MODULES = YES;
				CLANG_ENABLE_OBJC_ARC = YES;
				CLANG_WARN_BOOL_CONVERSION = YES;
				CLANG_WARN_CONSTANT_CONVERSION = YES;
				CLANG_WARN_DIRECT_OBJC_ISA_USAGE = YES_ERROR;
				CLANG_WARN_EMPTY_BODY = YES;
				CLANG_WARN_ENUM_CONVERSION = YES;
				CLANG_WARN_INT_CONVERSION = YES;
				CLANG_WARN_OBJC_ROOT_CLASS = YES_ERROR;
				CLANG_WARN_UNREACHABLE_CODE = YES;
				CLANG_WARN__DUPLICATE_METHOD_MATCH = YES;
				"CODE_SIGN_IDENTITY[sdk=iphoneos*]" = "iPhone Developer";
				COPY_PHASE_STRIP = NO;
				DEBUG_INFORMATION_FORMAT = dwarf;
				ENABLE_STRICT_OBJC_MSGSEND = YES;
				ENABLE_TESTABILITY = YES;
				GCC_C_LANGUAGE_STANDARD = gnu99;
				GCC_DYNAMIC_NO_PIC = NO;
				GCC_NO_COMMON_BLOCKS = YES;
				GCC_OPTIMIZATION_LEVEL = 0;
				GCC_PREPROCESSOR_DEFINITIONS = (
					"DEBUG=1",
					"$(inherited)",
				);
				GCC_WARN_64_TO_32_BIT_CONVERSION = YES;
				GCC_WARN_ABOUT_RETURN_TYPE = YES_ERROR;
				GCC_WARN_UNDECLARED_SELECTOR = YES;
				GCC_WARN_UNINITIALIZED_AUTOS = YES_AGGRESSIVE;
				GCC_WARN_UNUSED_FUNCTION = YES;
				GCC_WARN_UNUSED_VARIABLE = YES;
				IPHONEOS_DEPLOYMENT_TARGET = 9.3;
				MTL_ENABLE_DEBUG_INFO = YES;
				ONLY_ACTIVE_ARCH = YES;
				SDKROOT = iphoneos;
				SWIFT_OPTIMIZATION_LEVEL = "-Onone";
				TARGETED_DEVICE_FAMILY = "1,2";
			};
			name = Debug;
		};
		BE74CAFA1CFC2B63006F56F1 /* Release */ = {
			isa = XCBuildConfiguration;
			buildSettings = {
				ALWAYS_SEARCH_USER_PATHS = NO;
				CLANG_ANALYZER_NONNULL = YES;
				CLANG_CXX_LANGUAGE_STANDARD = "gnu++0x";
				CLANG_CXX_LIBRARY = "libc++";
				CLANG_ENABLE_MODULES = YES;
				CLANG_ENABLE_OBJC_ARC = YES;
				CLANG_WARN_BOOL_CONVERSION = YES;
				CLANG_WARN_CONSTANT_CONVERSION = YES;
				CLANG_WARN_DIRECT_OBJC_ISA_USAGE = YES_ERROR;
				CLANG_WARN_EMPTY_BODY = YES;
				CLANG_WARN_ENUM_CONVERSION = YES;
				CLANG_WARN_INT_CONVERSION = YES;
				CLANG_WARN_OBJC_ROOT_CLASS = YES_ERROR;
				CLANG_WARN_UNREACHABLE_CODE = YES;
				CLANG_WARN__DUPLICATE_METHOD_MATCH = YES;
				"CODE_SIGN_IDENTITY[sdk=iphoneos*]" = "iPhone Developer";
				COPY_PHASE_STRIP = NO;
				DEBUG_INFORMATION_FORMAT = "dwarf-with-dsym";
				ENABLE_NS_ASSERTIONS = NO;
				ENABLE_STRICT_OBJC_MSGSEND = YES;
				GCC_C_LANGUAGE_STANDARD = gnu99;
				GCC_NO_COMMON_BLOCKS = YES;
				GCC_WARN_64_TO_32_BIT_CONVERSION = YES;
				GCC_WARN_ABOUT_RETURN_TYPE = YES_ERROR;
				GCC_WARN_UNDECLARED_SELECTOR = YES;
				GCC_WARN_UNINITIALIZED_AUTOS = YES_AGGRESSIVE;
				GCC_WARN_UNUSED_FUNCTION = YES;
				GCC_WARN_UNUSED_VARIABLE = YES;
				IPHONEOS_DEPLOYMENT_TARGET = 9.3;
				MTL_ENABLE_DEBUG_INFO = NO;
				SDKROOT = iphoneos;
				TARGETED_DEVICE_FAMILY = "1,2";
				VALIDATE_PRODUCT = YES;
			};
			name = Release;
		};
		BE74CAFC1CFC2B63006F56F1 /* Debug */ = {
			isa = XCBuildConfiguration;
			buildSettings = {
				ASSETCATALOG_COMPILER_APPICON_NAME = AppIcon;
				FRAMEWORK_SEARCH_PATHS = (
					"$(inherited)",
					"$(PROJECT_DIR)",
				);
				INFOPLIST_FILE = SDKStarterSwift/Info.plist;
				IPHONEOS_DEPLOYMENT_TARGET = 8.0;
				LD_RUNPATH_SEARCH_PATHS = "$(inherited) @executable_path/Frameworks";
				OTHER_LDFLAGS = "-ObjC";
				PRODUCT_BUNDLE_IDENTIFIER = com.sentiance.sdkstarterswift.SDKStarterSwift;
				PRODUCT_NAME = "$(TARGET_NAME)";
				SWIFT_OBJC_BRIDGING_HEADER = SDKStarterSwift/ObjCHeader.h;
				SWIFT_VERSION = 3.0;
			};
			name = Debug;
		};
		BE74CAFD1CFC2B63006F56F1 /* Release */ = {
			isa = XCBuildConfiguration;
			buildSettings = {
				ASSETCATALOG_COMPILER_APPICON_NAME = AppIcon;
				FRAMEWORK_SEARCH_PATHS = (
					"$(inherited)",
					"$(PROJECT_DIR)",
				);
				INFOPLIST_FILE = SDKStarterSwift/Info.plist;
				IPHONEOS_DEPLOYMENT_TARGET = 8.0;
				LD_RUNPATH_SEARCH_PATHS = "$(inherited) @executable_path/Frameworks";
				OTHER_LDFLAGS = "-ObjC";
				PRODUCT_BUNDLE_IDENTIFIER = com.sentiance.sdkstarterswift.SDKStarterSwift;
				PRODUCT_NAME = "$(TARGET_NAME)";
				SWIFT_OBJC_BRIDGING_HEADER = SDKStarterSwift/ObjCHeader.h;
				SWIFT_VERSION = 3.0;
			};
			name = Release;
		};
/* End XCBuildConfiguration section */

/* Begin XCConfigurationList section */
		BE74CAE41CFC2B63006F56F1 /* Build configuration list for PBXProject "SDKStarterSwift" */ = {
			isa = XCConfigurationList;
			buildConfigurations = (
				BE74CAF91CFC2B63006F56F1 /* Debug */,
				BE74CAFA1CFC2B63006F56F1 /* Release */,
			);
			defaultConfigurationIsVisible = 0;
			defaultConfigurationName = Release;
		};
		BE74CAFB1CFC2B63006F56F1 /* Build configuration list for PBXNativeTarget "SDKStarterSwift" */ = {
			isa = XCConfigurationList;
			buildConfigurations = (
				BE74CAFC1CFC2B63006F56F1 /* Debug */,
				BE74CAFD1CFC2B63006F56F1 /* Release */,
			);
			defaultConfigurationIsVisible = 0;
			defaultConfigurationName = Release;
		};
/* End XCConfigurationList section */
	};
	rootObject = BE74CAE11CFC2B63006F56F1 /* Project object */;
}
